
Microsoft Visual Studio Solution File, Format Version 12.00
# Visual Studio Version 17
VisualStudioVersion = 17.0.31903.59
MinimumVisualStudioVersion = 10.0.40219.1
Project("{FAE04EC0-301F-11D3-BF4B-00C04F79EFBC}") = "ToyCompany.Domain", "ToyCompany.Domain\ToyCompany.Domain.csproj", "{6F2910B1-C77E-4AEE-8A1C-4BE7165E5C98}"
EndProject
Project("{FAE04EC0-301F-11D3-BF4B-00C04F79EFBC}") = "ToyCompany.Application", "ToyCompany.Application\ToyCompany.Application.csproj", "{9C3D1244-C092-4822-94ED-26DA03546E6E}"
EndProject
Project("{FAE04EC0-301F-11D3-BF4B-00C04F79EFBC}") = "ToyCompany.Infrastructure", "ToyCompany.Infrastructure\ToyCompany.Infrastructure.csproj", "{DDBB035C-1EDD-4CA6-8B46-EDE5DE6E38C7}"
EndProject
Project("{FAE04EC0-301F-11D3-BF4B-00C04F79EFBC}") = "ToyCompany.Api", "ToyCompany.Api\ToyCompany.Api.csproj", "{68805E85-E850-4438-8CEA-94EECD6B1146}"
EndProject
Project("{FAE04EC0-301F-11D3-BF4B-00C04F79EFBC}") = "ToyCompany.Tests", "ToyCompany.Tests\ToyCompany.Tests.csproj", "{305CB225-FF18-4D3E-9112-8DE657FF3F0B}"
EndProject
Global
	GlobalSection(SolutionConfigurationPlatforms) = preSolution
		Debug|Any CPU = Debug|Any CPU
		Debug|x64 = Debug|x64
		Debug|x86 = Debug|x86
		Release|Any CPU = Release|Any CPU
		Release|x64 = Release|x64
		Release|x86 = Release|x86
	EndGlobalSection
	GlobalSection(ProjectConfigurationPlatforms) = postSolution
		{6F2910B1-C77E-4AEE-8A1C-4BE7165E5C98}.Debug|Any CPU.ActiveCfg = Debug|Any CPU
		{6F2910B1-C77E-4AEE-8A1C-4BE7165E5C98}.Debug|Any CPU.Build.0 = Debug|Any CPU
		{6F2910B1-C77E-4AEE-8A1C-4BE7165E5C98}.Debug|x64.ActiveCfg = Debug|Any CPU
		{6F2910B1-C77E-4AEE-8A1C-4BE7165E5C98}.Debug|x64.Build.0 = Debug|Any CPU
		{6F2910B1-C77E-4AEE-8A1C-4BE7165E5C98}.Debug|x86.ActiveCfg = Debug|Any CPU
		{6F2910B1-C77E-4AEE-8A1C-4BE7165E5C98}.Debug|x86.Build.0 = Debug|Any CPU
		{6F2910B1-C77E-4AEE-8A1C-4BE7165E5C98}.Release|Any CPU.ActiveCfg = Release|Any CPU
		{6F2910B1-C77E-4AEE-8A1C-4BE7165E5C98}.Release|Any CPU.Build.0 = Release|Any CPU
		{6F2910B1-C77E-4AEE-8A1C-4BE7165E5C98}.Release|x64.ActiveCfg = Release|Any CPU
		{6F2910B1-C77E-4AEE-8A1C-4BE7165E5C98}.Release|x64.Build.0 = Release|Any CPU
		{6F2910B1-C77E-4AEE-8A1C-4BE7165E5C98}.Release|x86.ActiveCfg = Release|Any CPU
		{6F2910B1-C77E-4AEE-8A1C-4BE7165E5C98}.Release|x86.Build.0 = Release|Any CPU
		{9C3D1244-C092-4822-94ED-26DA03546E6E}.Debug|Any CPU.ActiveCfg = Debug|Any CPU
		{9C3D1244-C092-4822-94ED-26DA03546E6E}.Debug|Any CPU.Build.0 = Debug|Any CPU
		{9C3D1244-C092-4822-94ED-26DA03546E6E}.Debug|x64.ActiveCfg = Debug|Any CPU
		{9C3D1244-C092-4822-94ED-26DA03546E6E}.Debug|x64.Build.0 = Debug|Any CPU
		{9C3D1244-C092-4822-94ED-26DA03546E6E}.Debug|x86.ActiveCfg = Debug|Any CPU
		{9C3D1244-C092-4822-94ED-26DA03546E6E}.Debug|x86.Build.0 = Debug|Any CPU
		{9C3D1244-C092-4822-94ED-26DA03546E6E}.Release|Any CPU.ActiveCfg = Release|Any CPU
		{9C3D1244-C092-4822-94ED-26DA03546E6E}.Release|Any CPU.Build.0 = Release|Any CPU
		{9C3D1244-C092-4822-94ED-26DA03546E6E}.Release|x64.ActiveCfg = Release|Any CPU
		{9C3D1244-C092-4822-94ED-26DA03546E6E}.Release|x64.Build.0 = Release|Any CPU
		{9C3D1244-C092-4822-94ED-26DA03546E6E}.Release|x86.ActiveCfg = Release|Any CPU
		{9C3D1244-C092-4822-94ED-26DA03546E6E}.Release|x86.Build.0 = Release|Any CPU
		{DDBB035C-1EDD-4CA6-8B46-EDE5DE6E38C7}.Debug|Any CPU.ActiveCfg = Debug|Any CPU
		{DDBB035C-1EDD-4CA6-8B46-EDE5DE6E38C7}.Debug|Any CPU.Build.0 = Debug|Any CPU
		{DDBB035C-1EDD-4CA6-8B46-EDE5DE6E38C7}.Debug|x64.ActiveCfg = Debug|Any CPU
		{DDBB035C-1EDD-4CA6-8B46-EDE5DE6E38C7}.Debug|x64.Build.0 = Debug|Any CPU
		{DDBB035C-1EDD-4CA6-8B46-EDE5DE6E38C7}.Debug|x86.ActiveCfg = Debug|Any CPU
		{DDBB035C-1EDD-4CA6-8B46-EDE5DE6E38C7}.Debug|x86.Build.0 = Debug|Any CPU
		{DDBB035C-1EDD-4CA6-8B46-EDE5DE6E38C7}.Release|Any CPU.ActiveCfg = Release|Any CPU
		{DDBB035C-1EDD-4CA6-8B46-EDE5DE6E38C7}.Release|Any CPU.Build.0 = Release|Any CPU
		{DDBB035C-1EDD-4CA6-8B46-EDE5DE6E38C7}.Release|x64.ActiveCfg = Release|Any CPU
		{DDBB035C-1EDD-4CA6-8B46-EDE5DE6E38C7}.Release|x64.Build.0 = Release|Any CPU
		{DDBB035C-1EDD-4CA6-8B46-EDE5DE6E38C7}.Release|x86.ActiveCfg = Release|Any CPU
		{DDBB035C-1EDD-4CA6-8B46-EDE5DE6E38C7}.Release|x86.Build.0 = Release|Any CPU
		{68805E85-E850-4438-8CEA-94EECD6B1146}.Debug|Any CPU.ActiveCfg = Debug|Any CPU
		{68805E85-E850-4438-8CEA-94EECD6B1146}.Debug|Any CPU.Build.0 = Debug|Any CPU
		{68805E85-E850-4438-8CEA-94EECD6B1146}.Debug|x64.ActiveCfg = Debug|Any CPU
		{68805E85-E850-4438-8CEA-94EECD6B1146}.Debug|x64.Build.0 = Debug|Any CPU
		{68805E85-E850-4438-8CEA-94EECD6B1146}.Debug|x86.ActiveCfg = Debug|Any CPU
		{68805E85-E850-4438-8CEA-94EECD6B1146}.Debug|x86.Build.0 = Debug|Any CPU
		{68805E85-E850-4438-8CEA-94EECD6B1146}.Release|Any CPU.ActiveCfg = Release|Any CPU
		{68805E85-E850-4438-8CEA-94EECD6B1146}.Release|Any CPU.Build.0 = Release|Any CPU
		{68805E85-E850-4438-8CEA-94EECD6B1146}.Release|x64.ActiveCfg = Release|Any CPU
		{68805E85-E850-4438-8CEA-94EECD6B1146}.Release|x64.Build.0 = Release|Any CPU
		{68805E85-E850-4438-8CEA-94EECD6B1146}.Release|x86.ActiveCfg = Release|Any CPU
		{68805E85-E850-4438-8CEA-94EECD6B1146}.Release|x86.Build.0 = Release|Any CPU
		{305CB225-FF18-4D3E-9112-8DE657FF3F0B}.Debug|Any CPU.ActiveCfg = Debug|Any CPU
		{305CB225-FF18-4D3E-9112-8DE657FF3F0B}.Debug|Any CPU.Build.0 = Debug|Any CPU
		{305CB225-FF18-4D3E-9112-8DE657FF3F0B}.Debug|x64.ActiveCfg = Debug|Any CPU
		{305CB225-FF18-4D3E-9112-8DE657FF3F0B}.Debug|x64.Build.0 = Debug|Any CPU
		{305CB225-FF18-4D3E-9112-8DE657FF3F0B}.Debug|x86.ActiveCfg = Debug|Any CPU
		{305CB225-FF18-4D3E-9112-8DE657FF3F0B}.Debug|x86.Build.0 = Debug|Any CPU
		{305CB225-FF18-4D3E-9112-8DE657FF3F0B}.Release|Any CPU.ActiveCfg = Release|Any CPU
		{305CB225-FF18-4D3E-9112-8DE657FF3F0B}.Release|Any CPU.Build.0 = Release|Any CPU
		{305CB225-FF18-4D3E-9112-8DE657FF3F0B}.Release|x64.ActiveCfg = Release|Any CPU
		{305CB225-FF18-4D3E-9112-8DE657FF3F0B}.Release|x64.Build.0 = Release|Any CPU
		{305CB225-FF18-4D3E-9112-8DE657FF3F0B}.Release|x86.ActiveCfg = Release|Any CPU
		{305CB225-FF18-4D3E-9112-8DE657FF3F0B}.Release|x86.Build.0 = Release|Any CPU
	EndGlobalSection
	GlobalSection(SolutionProperties) = preSolution
		HideSolutionNode = FALSE
	EndGlobalSection
EndGlobal
